{
  "name": "salesforce",
  "version": "1.0.0",
  "lockfileVersion": 3,
  "requires": true,
  "packages": {
    "": {
      "name": "salesforce",
      "version": "1.0.0",
      "license": "ISC",
      "dependencies": {
        "@forcecalendar/core": "^2.3.0",
        "@forcecalendar/interface": "^1.5.0"
      }
    },
    "node_modules/@forcecalendar/core": {
      "version": "2.3.0",
      "resolved": "https://registry.npmjs.org/@forcecalendar/core/-/core-2.3.0.tgz",
      "integrity": "sha512-h9iQddTFx9m/OAcy1DePrhDykNGb/oN7cWH0Glt+mMtuFjvRih8Bn+WmTF4o21MnniM9XX79NSN8Y5fZ0CCL6A==",
      "license": "MIT"
    },
    "node_modules/@forcecalendar/interface": {
      "version": "1.5.0",
      "resolved": "https://registry.npmjs.org/@forcecalendar/interface/-/interface-1.5.0.tgz",
      "integrity": "sha512-TbSojQ6pm0qs0Fh1JBcTXpyWLIiI8IXM0SLfxb2KGzytIA5YbPSC4DPXSjMBHBhNJVwRuO7CHK9rV8i0hGCLXg==",
      "license": "MIT",
      "peerDependencies": {
        "@forcecalendar/core": ">=2.0.0"
      }
    }
  }
}
