{
  "name": "salesforce",
  "version": "1.0.0",
  "lockfileVersion": 3,
  "requires": true,
  "packages": {
    "": {
      "name": "salesforce",
      "version": "1.0.0",
      "license": "ISC",
      "dependencies": {
        "@forcecalendar/core": "^1.0.0",
        "@forcecalendar/interface": "^1.0.6"
      }
    },
    "../../interface": {
      "name": "@forcecalendar/interface",
      "version": "1.0.6",
      "extraneous": true,
      "license": "MIT",
      "dependencies": {
        "@forcecalendar/core": "^1.0.0"
      },
      "devDependencies": {
        "@babel/core": "^7.28.5",
        "@babel/preset-env": "^7.28.5",
        "babel-jest": "^30.2.0",
        "jest": "^30.2.0",
        "jest-environment-jsdom": "^30.2.0",
        "vite": "^5.0.0"
      }
    },
    "node_modules/@forcecalendar/core": {
      "version": "1.0.4",
      "resolved": "https://registry.npmjs.org/@forcecalendar/core/-/core-1.0.4.tgz",
      "integrity": "sha512-5Q+TYpvbViSAjPuO2baO0LnXRwqy2NajwQ9V+qD33f78hmhK0qFByqsAmy6guqf96WiYaYlar3ePE6ALX38c4Q==",
      "license": "MIT"
    },
    "node_modules/@forcecalendar/interface": {
      "version": "1.0.6",
      "resolved": "https://registry.npmjs.org/@forcecalendar/interface/-/interface-1.0.6.tgz",
      "integrity": "sha512-z7l8tRfrbv1rdTKwL15gIfsja0Is8APN3yuP24fA7BYFrkabS7JdBdveBCHLM2yTN4IlaQgOfpl3YHO8pif3Pg==",
      "license": "MIT",
      "dependencies": {
        "@forcecalendar/core": "^1.0.0"
      }
    }
  }
}
