{
  "name": "salesforce",
  "version": "1.0.0",
  "lockfileVersion": 3,
  "requires": true,
  "packages": {
    "": {
      "name": "salesforce",
      "version": "1.0.0",
      "license": "ISC",
      "dependencies": {
        "@forcecalendar/core": "^1.0.0",
        "@forcecalendar/interface": "^1.0.0"
      }
    },
    "node_modules/@forcecalendar/core": {
      "version": "1.0.1",
      "resolved": "https://registry.npmjs.org/@forcecalendar/core/-/core-1.0.1.tgz",
      "integrity": "sha512-pby/1Bt4VfVCTbsYNWS2LdhgXF7JReyBQlNg34zX3StvSJYLTSRIPuK16JXRmBRgEJW5pgtROAELiNQl4M/j4w==",
      "license": "MIT"
    },
    "node_modules/@forcecalendar/interface": {
      "version": "1.0.3",
      "resolved": "https://registry.npmjs.org/@forcecalendar/interface/-/interface-1.0.3.tgz",
      "integrity": "sha512-YPA7frzrwpjUYlVH1KLawsGfbod2gMywM/BqyOJUSCi9Hz95MFmg+Vh0b1ArfGR/THBYfzh+omNdo9TLi0+8ew==",
      "license": "MIT",
      "dependencies": {
        "@forcecalendar/core": "^1.0.0"
      }
    }
  }
}
